// !$*UTF8*$!
{
	archiveVersion = 1;
	classes = {
	};
	objectVersion = 55;
	objects = {

/* Begin PBXBuildFile section */
		12676C1D28A353E1006F57B1 /* Convertable.swift in Sources */ = {isa = PBXBuildFile; fileRef = 12676C1C28A353E1006F57B1 /* Convertable.swift */; };
		12676C1F28A35C5B006F57B1 /* ArrayExt.swift in Sources */ = {isa = PBXBuildFile; fileRef = 12676C1E28A35C5B006F57B1 /* ArrayExt.swift */; };
		12676C2128A385A2006F57B1 /* ValidateValueProtocol.swift in Sources */ = {isa = PBXBuildFile; fileRef = 12676C2028A385A2006F57B1 /* ValidateValueProtocol.swift */; };
		12E1217E28A24B6500665244 /* AppDelegate.swift in Sources */ = {isa = PBXBuildFile; fileRef = 12E1217D28A24B6500665244 /* AppDelegate.swift */; };
		12E1218228A24B6700665244 /* Assets.xcassets in Resources */ = {isa = PBXBuildFile; fileRef = 12E1218128A24B6700665244 /* Assets.xcassets */; };
		12E1218C28A24BCB00665244 /* ViewController.swift in Sources */ = {isa = PBXBuildFile; fileRef = 12E1218B28A24BCB00665244 /* ViewController.swift */; };
		12E1218E28A24C5500665244 /* LaunchScreen.storyboard in Resources */ = {isa = PBXBuildFile; fileRef = 12E1218D28A24C5500665244 /* LaunchScreen.storyboard */; };
		12E1219228A24EF800665244 /* Blockchain.swift in Sources */ = {isa = PBXBuildFile; fileRef = 12E1219128A24EF800665244 /* Blockchain.swift */; };
		12E1219428A2563800665244 /* DataExt.swift in Sources */ = {isa = PBXBuildFile; fileRef = 12E1219328A2563800665244 /* DataExt.swift */; };
		12E1219628A25C6900665244 /* DictionaryExt.swift in Sources */ = {isa = PBXBuildFile; fileRef = 12E1219528A25C6900665244 /* DictionaryExt.swift */; };
/* End PBXBuildFile section */

/* Begin PBXFileReference section */
		12676C1C28A353E1006F57B1 /* Convertable.swift */ = {isa = PBXFileReference; lastKnownFileType = sourcecode.swift; path = Convertable.swift; sourceTree = "<group>"; };
		12676C1E28A35C5B006F57B1 /* ArrayExt.swift */ = {isa = PBXFileReference; lastKnownFileType = sourcecode.swift; path = ArrayExt.swift; sourceTree = "<group>"; };
		12676C2028A385A2006F57B1 /* ValidateValueProtocol.swift */ = {isa = PBXFileReference; fileEncoding = 4; lastKnownFileType = sourcecode.swift; path = ValidateValueProtocol.swift; sourceTree = "<group>"; };
		12E1217A28A24B6500665244 /* Blockchain.app */ = {isa = PBXFileReference; explicitFileType = wrapper.application; includeInIndex = 0; path = Blockchain.app; sourceTree = BUILT_PRODUCTS_DIR; };
		12E1217D28A24B6500665244 /* AppDelegate.swift */ = {isa = PBXFileReference; lastKnownFileType = sourcecode.swift; path = AppDelegate.swift; sourceTree = "<group>"; };
		12E1218128A24B6700665244 /* Assets.xcassets */ = {isa = PBXFileReference; lastKnownFileType = folder.assetcatalog; path = Assets.xcassets; sourceTree = "<group>"; };
		12E1218B28A24BCB00665244 /* ViewController.swift */ = {isa = PBXFileReference; lastKnownFileType = sourcecode.swift; path = ViewController.swift; sourceTree = "<group>"; };
		12E1218D28A24C5500665244 /* LaunchScreen.storyboard */ = {isa = PBXFileReference; lastKnownFileType = file.storyboard; path = LaunchScreen.storyboard; sourceTree = "<group>"; };
		12E1218F28A24D0800665244 /* Info.plist */ = {isa = PBXFileReference; lastKnownFileType = text.plist; path = Info.plist; sourceTree = "<group>"; };
		12E1219128A24EF800665244 /* Blockchain.swift */ = {isa = PBXFileReference; lastKnownFileType = sourcecode.swift; path = Blockchain.swift; sourceTree = "<group>"; };
		12E1219328A2563800665244 /* DataExt.swift */ = {isa = PBXFileReference; lastKnownFileType = sourcecode.swift; path = DataExt.swift; sourceTree = "<group>"; };
		12E1219528A25C6900665244 /* DictionaryExt.swift */ = {isa = PBXFileReference; lastKnownFileType = sourcecode.swift; path = DictionaryExt.swift; sourceTree = "<group>"; };
/* End PBXFileReference section */

/* Begin PBXFrameworksBuildPhase section */
		12E1217728A24B6500665244 /* Frameworks */ = {
			isa = PBXFrameworksBuildPhase;
			buildActionMask = 2147483647;
			files = (
			);
			runOnlyForDeploymentPostprocessing = 0;
		};
/* End PBXFrameworksBuildPhase section */

/* Begin PBXGroup section */
		12676C2228A38CDC006F57B1 /* Extension */ = {
			isa = PBXGroup;
			children = (
				12E1219328A2563800665244 /* DataExt.swift */,
				12676C1E28A35C5B006F57B1 /* ArrayExt.swift */,
				12E1219528A25C6900665244 /* DictionaryExt.swift */,
				12676C1C28A353E1006F57B1 /* Convertable.swift */,
				12676C2028A385A2006F57B1 /* ValidateValueProtocol.swift */,
			);
			path = Extension;
			sourceTree = "<group>";
		};
		12E1217128A24B6500665244 = {
			isa = PBXGroup;
			children = (
				12E1217C28A24B6500665244 /* Blockchain */,
				12E1217B28A24B6500665244 /* Products */,
			);
			sourceTree = "<group>";
		};
		12E1217B28A24B6500665244 /* Products */ = {
			isa = PBXGroup;
			children = (
				12E1217A28A24B6500665244 /* Blockchain.app */,
			);
			name = Products;
			sourceTree = "<group>";
		};
		12E1217C28A24B6500665244 /* Blockchain */ = {
			isa = PBXGroup;
			children = (
				12E1218F28A24D0800665244 /* Info.plist */,
				12E1217D28A24B6500665244 /* AppDelegate.swift */,
				12E1218B28A24BCB00665244 /* ViewController.swift */,
				12E1219128A24EF800665244 /* Blockchain.swift */,
				12676C2228A38CDC006F57B1 /* Extension */,
				12E1218128A24B6700665244 /* Assets.xcassets */,
				12E1218D28A24C5500665244 /* LaunchScreen.storyboard */,
			);
			path = Blockchain;
			sourceTree = "<group>";
		};
/* End PBXGroup section */

/* Begin PBXNativeTarget section */
		12E1217928A24B6500665244 /* Blockchain */ = {
			isa = PBXNativeTarget;
			buildConfigurationList = 12E1218828A24B6700665244 /* Build configuration list for PBXNativeTarget "Blockchain" */;
			buildPhases = (
				12E1217628A24B6500665244 /* Sources */,
				12E1217728A24B6500665244 /* Frameworks */,
				12E1217828A24B6500665244 /* Resources */,
			);
			buildRules = (
			);
			dependencies = (
			);
			name = Blockchain;
			productName = Blockchain;
			productReference = 12E1217A28A24B6500665244 /* Blockchain.app */;
			productType = "com.apple.product-type.application";
		};
/* End PBXNativeTarget section */

/* Begin PBXProject section */
		12E1217228A24B6500665244 /* Project object */ = {
			isa = PBXProject;
			attributes = {
				BuildIndependentTargetsInParallel = 1;
				LastSwiftUpdateCheck = 1340;
				LastUpgradeCheck = 1340;
				TargetAttributes = {
					12E1217928A24B6500665244 = {
						CreatedOnToolsVersion = 13.4.1;
					};
				};
			};
			buildConfigurationList = 12E1217528A24B6500665244 /* Build configuration list for PBXProject "Blockchain" */;
			compatibilityVersion = "Xcode 13.0";
			developmentRegion = en;
			hasScannedForEncodings = 0;
			knownRegions = (
				en,
				Base,
			);
			mainGroup = 12E1217128A24B6500665244;
			productRefGroup = 12E1217B28A24B6500665244 /* Products */;
			projectDirPath = "";
			projectRoot = "";
			targets = (
				12E1217928A24B6500665244 /* Blockchain */,
			);
		};
/* End PBXProject section */

/* Begin PBXResourcesBuildPhase section */
		12E1217828A24B6500665244 /* Resources */ = {
			isa = PBXResourcesBuildPhase;
			buildActionMask = 2147483647;
			files = (
				12E1218228A24B6700665244 /* Assets.xcassets in Resources */,
				12E1218E28A24C5500665244 /* LaunchScreen.storyboard in Resources */,
			);
			runOnlyForDeploymentPostprocessing = 0;
		};
/* End PBXResourcesBuildPhase section */

/* Begin PBXSourcesBuildPhase section */
		12E1217628A24B6500665244 /* Sources */ = {
			isa = PBXSourcesBuildPhase;
			buildActionMask = 2147483647;
			files = (
				12E1219628A25C6900665244 /* DictionaryExt.swift in Sources */,
				12E1218C28A24BCB00665244 /* ViewController.swift in Sources */,
				12E1217E28A24B6500665244 /* AppDelegate.swift in Sources */,
				12676C1D28A353E1006F57B1 /* Convertable.swift in Sources */,
				12E1219228A24EF800665244 /* Blockchain.swift in Sources */,
				12676C1F28A35C5B006F57B1 /* ArrayExt.swift in Sources */,
				12E1219428A2563800665244 /* DataExt.swift in Sources */,
				12676C2128A385A2006F57B1 /* ValidateValueProtocol.swift in Sources */,
			);
			runOnlyForDeploymentPostprocessing = 0;
		};
/* End PBXSourcesBuildPhase section */

/* Begin XCBuildConfiguration section */
		12E1218628A24B6700665244 /* Debug */ = {
			isa = XCBuildConfiguration;
			buildSettings = {
				ALWAYS_SEARCH_USER_PATHS = NO;
				CLANG_ANALYZER_NONNULL = YES;
				CLANG_ANALYZER_NUMBER_OBJECT_CONVERSION = YES_AGGRESSIVE;
				CLANG_CXX_LANGUAGE_STANDARD = "gnu++17";
				CLANG_ENABLE_MODULES = YES;
				CLANG_ENABLE_OBJC_ARC = YES;
				CLANG_ENABLE_OBJC_WEAK = YES;
				CLANG_WARN_BLOCK_CAPTURE_AUTORELEASING = YES;
				CLANG_WARN_BOOL_CONVERSION = YES;
				CLANG_WARN_COMMA = YES;
				CLANG_WARN_CONSTANT_CONVERSION = YES;
				CLANG_WARN_DEPRECATED_OBJC_IMPLEMENTATIONS = YES;
				CLANG_WARN_DIRECT_OBJC_ISA_USAGE = YES_ERROR;
				CLANG_WARN_DOCUMENTATION_COMMENTS = YES;
				CLANG_WARN_EMPTY_BODY = YES;
				CLANG_WARN_ENUM_CONVERSION = YES;
				CLANG_WARN_INFINITE_RECURSION = YES;
				CLANG_WARN_INT_CONVERSION = YES;
				CLANG_WARN_NON_LITERAL_NULL_CONVERSION = YES;
				CLANG_WARN_OBJC_IMPLICIT_RETAIN_SELF = YES;
				CLANG_WARN_OBJC_LITERAL_CONVERSION = YES;
				CLANG_WARN_OBJC_ROOT_CLASS = YES_ERROR;
				CLANG_WARN_QUOTED_INCLUDE_IN_FRAMEWORK_HEADER = YES;
				CLANG_WARN_RANGE_LOOP_ANALYSIS = YES;
				CLANG_WARN_STRICT_PROTOTYPES = YES;
				CLANG_WARN_SUSPICIOUS_MOVE = YES;
				CLANG_WARN_UNGUARDED_AVAILABILITY = YES_AGGRESSIVE;
				CLANG_WARN_UNREACHABLE_CODE = YES;
				CLANG_WARN__DUPLICATE_METHOD_MATCH = YES;
				COPY_PHASE_STRIP = NO;
				DEBUG_INFORMATION_FORMAT = dwarf;
				ENABLE_STRICT_OBJC_MSGSEND = YES;
				ENABLE_TESTABILITY = YES;
				GCC_C_LANGUAGE_STANDARD = gnu11;
				GCC_DYNAMIC_NO_PIC = NO;
				GCC_NO_COMMON_BLOCKS = YES;
				GCC_OPTIMIZATION_LEVEL = 0;
				GCC_PREPROCESSOR_DEFINITIONS = (
					"DEBUG=1",
					"$(inherited)",
				);
				GCC_WARN_64_TO_32_BIT_CONVERSION = YES;
				GCC_WARN_ABOUT_RETURN_TYPE = YES_ERROR;
				GCC_WARN_UNDECLARED_SELECTOR = YES;
				GCC_WARN_UNINITIALIZED_AUTOS = YES_AGGRESSIVE;
				GCC_WARN_UNUSED_FUNCTION = YES;
				GCC_WARN_UNUSED_VARIABLE = YES;
				IPHONEOS_DEPLOYMENT_TARGET = 15.5;
				MTL_ENABLE_DEBUG_INFO = INCLUDE_SOURCE;
				MTL_FAST_MATH = YES;
				ONLY_ACTIVE_ARCH = YES;
				SDKROOT = iphoneos;
				SWIFT_ACTIVE_COMPILATION_CONDITIONS = DEBUG;
				SWIFT_OPTIMIZATION_LEVEL = "-Onone";
			};
			name = Debug;
		};
		12E1218728A24B6700665244 /* Release */ = {
			isa = XCBuildConfiguration;
			buildSettings = {
				ALWAYS_SEARCH_USER_PATHS = NO;
				CLANG_ANALYZER_NONNULL = YES;
				CLANG_ANALYZER_NUMBER_OBJECT_CONVERSION = YES_AGGRESSIVE;
				CLANG_CXX_LANGUAGE_STANDARD = "gnu++17";
				CLANG_ENABLE_MODULES = YES;
				CLANG_ENABLE_OBJC_ARC = YES;
				CLANG_ENABLE_OBJC_WEAK = YES;
				CLANG_WARN_BLOCK_CAPTURE_AUTORELEASING = YES;
				CLANG_WARN_BOOL_CONVERSION = YES;
				CLANG_WARN_COMMA = YES;
				CLANG_WARN_CONSTANT_CONVERSION = YES;
				CLANG_WARN_DEPRECATED_OBJC_IMPLEMENTATIONS = YES;
				CLANG_WARN_DIRECT_OBJC_ISA_USAGE = YES_ERROR;
				CLANG_WARN_DOCUMENTATION_COMMENTS = YES;
				CLANG_WARN_EMPTY_BODY = YES;
				CLANG_WARN_ENUM_CONVERSION = YES;
				CLANG_WARN_INFINITE_RECURSION = YES;
				CLANG_WARN_INT_CONVERSION = YES;
				CLANG_WARN_NON_LITERAL_NULL_CONVERSION = YES;
				CLANG_WARN_OBJC_IMPLICIT_RETAIN_SELF = YES;
				CLANG_WARN_OBJC_LITERAL_CONVERSION = YES;
				CLANG_WARN_OBJC_ROOT_CLASS = YES_ERROR;
				CLANG_WARN_QUOTED_INCLUDE_IN_FRAMEWORK_HEADER = YES;
				CLANG_WARN_RANGE_LOOP_ANALYSIS = YES;
				CLANG_WARN_STRICT_PROTOTYPES = YES;
				CLANG_WARN_SUSPICIOUS_MOVE = YES;
				CLANG_WARN_UNGUARDED_AVAILABILITY = YES_AGGRESSIVE;
				CLANG_WARN_UNREACHABLE_CODE = YES;
				CLANG_WARN__DUPLICATE_METHOD_MATCH = YES;
				COPY_PHASE_STRIP = NO;
				DEBUG_INFORMATION_FORMAT = "dwarf-with-dsym";
				ENABLE_NS_ASSERTIONS = NO;
				ENABLE_STRICT_OBJC_MSGSEND = YES;
				GCC_C_LANGUAGE_STANDARD = gnu11;
				GCC_NO_COMMON_BLOCKS = YES;
				GCC_WARN_64_TO_32_BIT_CONVERSION = YES;
				GCC_WARN_ABOUT_RETURN_TYPE = YES_ERROR;
				GCC_WARN_UNDECLARED_SELECTOR = YES;
				GCC_WARN_UNINITIALIZED_AUTOS = YES_AGGRESSIVE;
				GCC_WARN_UNUSED_FUNCTION = YES;
				GCC_WARN_UNUSED_VARIABLE = YES;
				IPHONEOS_DEPLOYMENT_TARGET = 15.5;
				MTL_ENABLE_DEBUG_INFO = NO;
				MTL_FAST_MATH = YES;
				SDKROOT = iphoneos;
				SWIFT_COMPILATION_MODE = wholemodule;
				SWIFT_OPTIMIZATION_LEVEL = "-O";
				VALIDATE_PRODUCT = YES;
			};
			name = Release;
		};
		12E1218928A24B6700665244 /* Debug */ = {
			isa = XCBuildConfiguration;
			buildSettings = {
				ASSETCATALOG_COMPILER_APPICON_NAME = AppIcon;
				ASSETCATALOG_COMPILER_GLOBAL_ACCENT_COLOR_NAME = AccentColor;
				CODE_SIGN_STYLE = Automatic;
				CURRENT_PROJECT_VERSION = 1;
				DEVELOPMENT_ASSET_PATHS = "";
				DEVELOPMENT_TEAM = "";
				ENABLE_PREVIEWS = YES;
				GENERATE_INFOPLIST_FILE = YES;
				INFOPLIST_FILE = Blockchain/Info.plist;
				INFOPLIST_KEY_UIApplicationSupportsIndirectInputEvents = YES;
				INFOPLIST_KEY_UILaunchScreen_Generation = YES;
				INFOPLIST_KEY_UILaunchStoryboardName = LaunchScreen;
				INFOPLIST_KEY_UIMainStoryboardFile = LaunchScreen;
				INFOPLIST_KEY_UIRequiresFullScreen = YES;
				INFOPLIST_KEY_UISupportedInterfaceOrientations = "UIInterfaceOrientationPortrait UIInterfaceOrientationPortraitUpsideDown";
				INFOPLIST_KEY_UISupportedInterfaceOrientations_iPad = "UIInterfaceOrientationPortrait UIInterfaceOrientationPortraitUpsideDown UIInterfaceOrientationLandscapeLeft UIInterfaceOrientationLandscapeRight";
				INFOPLIST_KEY_UISupportedInterfaceOrientations_iPhone = "UIInterfaceOrientationPortrait UIInterfaceOrientationLandscapeLeft UIInterfaceOrientationLandscapeRight";
				IPHONEOS_DEPLOYMENT_TARGET = 11.0;
				LD_RUNPATH_SEARCH_PATHS = (
					"$(inherited)",
					"@executable_path/Frameworks",
				);
				MARKETING_VERSION = 1.0;
				PRODUCT_BUNDLE_IDENTIFIER = com.boni.test.Blockchain;
				PRODUCT_NAME = "$(TARGET_NAME)";
				SWIFT_EMIT_LOC_STRINGS = YES;
				SWIFT_VERSION = 5.0;
				TARGETED_DEVICE_FAMILY = "1,2";
			};
			name = Debug;
		};
		12E1218A28A24B6700665244 /* Release */ = {
			isa = XCBuildConfiguration;
			buildSettings = {
				ASSETCATALOG_COMPILER_APPICON_NAME = AppIcon;
				ASSETCATALOG_COMPILER_GLOBAL_ACCENT_COLOR_NAME = AccentColor;
				CODE_SIGN_STYLE = Automatic;
				CURRENT_PROJECT_VERSION = 1;
				DEVELOPMENT_ASSET_PATHS = "";
				DEVELOPMENT_TEAM = "";
				ENABLE_PREVIEWS = YES;
				GENERATE_INFOPLIST_FILE = YES;
				INFOPLIST_FILE = Blockchain/Info.plist;
				INFOPLIST_KEY_UIApplicationSupportsIndirectInputEvents = YES;
				INFOPLIST_KEY_UILaunchScreen_Generation = YES;
				INFOPLIST_KEY_UILaunchStoryboardName = LaunchScreen;
				INFOPLIST_KEY_UIMainStoryboardFile = LaunchScreen;
				INFOPLIST_KEY_UIRequiresFullScreen = YES;
				INFOPLIST_KEY_UISupportedInterfaceOrientations = "UIInterfaceOrientationPortrait UIInterfaceOrientationPortraitUpsideDown";
				INFOPLIST_KEY_UISupportedInterfaceOrientations_iPad = "UIInterfaceOrientationPortrait UIInterfaceOrientationPortraitUpsideDown UIInterfaceOrientationLandscapeLeft UIInterfaceOrientationLandscapeRight";
				INFOPLIST_KEY_UISupportedInterfaceOrientations_iPhone = "UIInterfaceOrientationPortrait UIInterfaceOrientationLandscapeLeft UIInterfaceOrientationLandscapeRight";
				IPHONEOS_DEPLOYMENT_TARGET = 11.0;
				LD_RUNPATH_SEARCH_PATHS = (
					"$(inherited)",
					"@executable_path/Frameworks",
				);
				MARKETING_VERSION = 1.0;
				PRODUCT_BUNDLE_IDENTIFIER = com.boni.test.Blockchain;
				PRODUCT_NAME = "$(TARGET_NAME)";
				SWIFT_EMIT_LOC_STRINGS = YES;
				SWIFT_VERSION = 5.0;
				TARGETED_DEVICE_FAMILY = "1,2";
			};
			name = Release;
		};
/* End XCBuildConfiguration section */

/* Begin XCConfigurationList section */
		12E1217528A24B6500665244 /* Build configuration list for PBXProject "Blockchain" */ = {
			isa = XCConfigurationList;
			buildConfigurations = (
				12E1218628A24B6700665244 /* Debug */,
				12E1218728A24B6700665244 /* Release */,
			);
			defaultConfigurationIsVisible = 0;
			defaultConfigurationName = Release;
		};
		12E1218828A24B6700665244 /* Build configuration list for PBXNativeTarget "Blockchain" */ = {
			isa = XCConfigurationList;
			buildConfigurations = (
				12E1218928A24B6700665244 /* Debug */,
				12E1218A28A24B6700665244 /* Release */,
			);
			defaultConfigurationIsVisible = 0;
			defaultConfigurationName = Release;
		};
/* End XCConfigurationList section */
	};
	rootObject = 12E1217228A24B6500665244 /* Project object */;
}
